{
  "name": "tally",
  "version": "1.0.0",
  "lockfileVersion": 1,
  "requires": true,
  "dependencies": {
    "@babel/runtime": {
      "version": "7.12.1",
      "resolved": "https://registry.npm.taobao.org/@babel/runtime/download/@babel/runtime-7.12.1.tgz",
      "integrity": "sha1-tBFqa2cR0BCy2tO3tuQ78bmVR0A=",
      "dev": true,
      "requires": {
        "regenerator-runtime": "^0.13.4"
      }
    },
    "@types/acorn": {
      "version": "4.0.5",
      "resolved": "https://registry.npm.taobao.org/@types/acorn/download/@types/acorn-4.0.5.tgz",
      "integrity": "sha1-4p/fiEaV53vk6Z5n10j1FHJVdS0=",
      "dev": true,
      "requires": {
        "@types/estree": "*"
      }
    },
    "@types/estree": {
      "version": "0.0.41",
      "resolved": "https://registry.npm.taobao.org/@types/estree/download/@types/estree-0.0.41.tgz",
      "integrity": "sha1-/ZB1QVC1dDK3K/VgUwUAWX/wRCE=",
      "dev": true
    },
    "acorn": {
      "version": "7.4.1",
      "resolved": "https://registry.npm.taobao.org/acorn/download/acorn-7.4.1.tgz?cache=0&sync_timestamp=1602534280466&other_urls=https%3A%2F%2Fregistry.npm.taobao.org%2Facorn%2Fdownload%2Facorn-7.4.1.tgz",
      "integrity": "sha1-/q7SVZc9LndVW4PbwIhRpsY1IPo=",
      "dev": true
    },
    "eval5": {
      "version": "1.4.6",
      "resolved": "https://registry.npm.taobao.org/eval5/download/eval5-1.4.6.tgz",
      "integrity": "sha1-2Uu5ELfFKq+kH1TMYEemlqkKsGU=",
      "dev": true,
      "requires": {
        "@babel/runtime": "^7.8.4",
        "@types/acorn": "^4.0.5",
        "@types/estree": "0.0.41",
        "acorn": "^7.1.0"
      }
    },
    "regenerator-runtime": {
      "version": "0.13.7",
      "resolved": "https://registry.npm.taobao.org/regenerator-runtime/download/regenerator-runtime-0.13.7.tgz",
      "integrity": "sha1-ysLazIoepnX+qrrriugziYrkb1U=",
      "dev": true
    }
  }
}
